// !$*UTF8*$!
{
	archiveVersion = 1;
	classes = {
	};
	objectVersion = 46;
	objects = {

/* Begin PBXBuildFile section */
		C27E6D6F1DFE6D6C00DF7609 /* localvariance.cpp in Sources */ = {isa = PBXBuildFile; fileRef = C27E6D6E1DFE6D6C00DF7609 /* localvariance.cpp */; };
		C29557BA1DFD7E5200A634F1 /* AppDelegate.swift in Sources */ = {isa = PBXBuildFile; fileRef = C29557B91DFD7E5200A634F1 /* AppDelegate.swift */; };
		C29557BD1DFD7E5D00A634F1 /* Main.storyboard in Resources */ = {isa = PBXBuildFile; fileRef = C29557BB1DFD7E5D00A634F1 /* Main.storyboard */; };
		C29557C01DFD7ED700A634F1 /* SwViewController.swift in Sources */ = {isa = PBXBuildFile; fileRef = C29557BF1DFD7ED700A634F1 /* SwViewController.swift */; };
		C29557CD1DFD800B00A634F1 /* imagine-ios-cv.xcconfig in Resources */ = {isa = PBXBuildFile; fileRef = C29557CC1DFD800B00A634F1 /* imagine-ios-cv.xcconfig */; };
		C29557CF1DFD812A00A634F1 /* libopencv.a in Frameworks */ = {isa = PBXBuildFile; fileRef = C29557CE1DFD812A00A634F1 /* libopencv.a */; };
		C29557DA1DFD897400A634F1 /* stitching.cpp in Sources */ = {isa = PBXBuildFile; fileRef = C29557D71DFD897400A634F1 /* stitching.cpp */; };
		C29557DB1DFD897400A634F1 /* CVWrapper.mm in Sources */ = {isa = PBXBuildFile; fileRef = C29557D81DFD897400A634F1 /* CVWrapper.mm */; };
		C29557DC1DFD897400A634F1 /* UIImage+OpenCV.mm in Sources */ = {isa = PBXBuildFile; fileRef = C29557D91DFD897400A634F1 /* UIImage+OpenCV.mm */; };
		C2D94D131DFE5831003886C5 /* UIImage+Rotate.m in Sources */ = {isa = PBXBuildFile; fileRef = C2D94D121DFE5831003886C5 /* UIImage+Rotate.m */; };
		C2D94D161DFE6741003886C5 /* Images.xcassets in Resources */ = {isa = PBXBuildFile; fileRef = C2D94D151DFE6741003886C5 /* Images.xcassets */; };
/* End PBXBuildFile section */

/* Begin PBXFileReference section */
		AB6D1AEE193F9B6600F8B0F5 /* README.markdown */ = {isa = PBXFileReference; fileEncoding = 4; lastKnownFileType = net.daringfireball.markdown; path = README.markdown; sourceTree = "<group>"; };
		AB7D8E83193F33B40059EE63 /* libz.dylib */ = {isa = PBXFileReference; lastKnownFileType = "compiled.mach-o.dylib"; name = libz.dylib; path = usr/lib/libz.dylib; sourceTree = SDKROOT; };
		AB896A82193E8E830018B9EC /* SwiftCV.app */ = {isa = PBXFileReference; explicitFileType = wrapper.application; includeInIndex = 0; path = SwiftCV.app; sourceTree = BUILT_PRODUCTS_DIR; };
		C27E6D6D1DFE6D5500DF7609 /* localvariance.h */ = {isa = PBXFileReference; fileEncoding = 4; lastKnownFileType = sourcecode.c.h; name = localvariance.h; path = ../../svl/include/vision/localvariance.h; sourceTree = "<group>"; };
		C27E6D6E1DFE6D6C00DF7609 /* localvariance.cpp */ = {isa = PBXFileReference; fileEncoding = 4; lastKnownFileType = sourcecode.cpp.cpp; name = localvariance.cpp; path = ../../svl/src/localvariance.cpp; sourceTree = "<group>"; };
		C29557B91DFD7E5200A634F1 /* AppDelegate.swift */ = {isa = PBXFileReference; fileEncoding = 4; lastKnownFileType = sourcecode.swift; name = AppDelegate.swift; path = SwiftCV/AppDelegate.swift; sourceTree = "<group>"; };
		C29557BC1DFD7E5D00A634F1 /* Base */ = {isa = PBXFileReference; lastKnownFileType = file.storyboard; name = Base; path = SwiftCV/Base.lproj/Main.storyboard; sourceTree = "<group>"; };
		C29557BE1DFD7ED700A634F1 /* SwiftCV-Bridging-Header.h */ = {isa = PBXFileReference; fileEncoding = 4; lastKnownFileType = sourcecode.c.h; name = "SwiftCV-Bridging-Header.h"; path = "SwiftCV/SwiftCV-Bridging-Header.h"; sourceTree = "<group>"; };
		C29557BF1DFD7ED700A634F1 /* SwViewController.swift */ = {isa = PBXFileReference; fileEncoding = 4; lastKnownFileType = sourcecode.swift; name = SwViewController.swift; path = SwiftCV/SwViewController.swift; sourceTree = "<group>"; };
		C29557CC1DFD800B00A634F1 /* imagine-ios-cv.xcconfig */ = {isa = PBXFileReference; fileEncoding = 4; lastKnownFileType = text.xcconfig; name = "imagine-ios-cv.xcconfig"; path = "../common_configs/imagine-ios-cv.xcconfig"; sourceTree = "<group>"; };
		C29557CE1DFD812A00A634F1 /* libopencv.a */ = {isa = PBXFileReference; lastKnownFileType = archive.ar; name = libopencv.a; path = ../../svl/local/cinder/cinder_0.9/blocks/OpenCV3/lib/ios/libopencv.a; sourceTree = "<group>"; };
		C29557D71DFD897400A634F1 /* stitching.cpp */ = {isa = PBXFileReference; fileEncoding = 4; lastKnownFileType = sourcecode.cpp.cpp; name = stitching.cpp; path = SwiftCV/stitching.cpp; sourceTree = "<group>"; };
		C29557D81DFD897400A634F1 /* CVWrapper.mm */ = {isa = PBXFileReference; fileEncoding = 4; lastKnownFileType = sourcecode.cpp.objcpp; name = CVWrapper.mm; path = SwiftCV/CVWrapper.mm; sourceTree = "<group>"; };
		C29557D91DFD897400A634F1 /* UIImage+OpenCV.mm */ = {isa = PBXFileReference; fileEncoding = 4; lastKnownFileType = sourcecode.cpp.objcpp; name = "UIImage+OpenCV.mm"; path = "SwiftCV/UIImage+OpenCV.mm"; sourceTree = "<group>"; };
		C2D94D121DFE5831003886C5 /* UIImage+Rotate.m */ = {isa = PBXFileReference; fileEncoding = 4; lastKnownFileType = sourcecode.c.objc; name = "UIImage+Rotate.m"; path = "SwiftCV/UIImage+Rotate.m"; sourceTree = "<group>"; };
		C2D94D141DFE5F10003886C5 /* cv_functions.h */ = {isa = PBXFileReference; fileEncoding = 4; lastKnownFileType = sourcecode.c.h; name = cv_functions.h; path = SwiftCV/cv_functions.h; sourceTree = "<group>"; };
		C2D94D151DFE6741003886C5 /* Images.xcassets */ = {isa = PBXFileReference; lastKnownFileType = folder.assetcatalog; name = Images.xcassets; path = SwiftCV/Images.xcassets; sourceTree = "<group>"; };
/* End PBXFileReference section */

/* Begin PBXFrameworksBuildPhase section */
		AB896A7F193E8E830018B9EC /* Frameworks */ = {
			isa = PBXFrameworksBuildPhase;
			buildActionMask = 2147483647;
			files = (
				C29557CF1DFD812A00A634F1 /* libopencv.a in Frameworks */,
			);
			runOnlyForDeploymentPostprocessing = 0;
		};
/* End PBXFrameworksBuildPhase section */

/* Begin PBXGroup section */
		AB896A79193E8E830018B9EC = {
			isa = PBXGroup;
			children = (
				C27E6D6E1DFE6D6C00DF7609 /* localvariance.cpp */,
				C27E6D6D1DFE6D5500DF7609 /* localvariance.h */,
				C2D94D151DFE6741003886C5 /* Images.xcassets */,
				C29557DD1DFD897C00A634F1 /* src */,
				C29557CC1DFD800B00A634F1 /* imagine-ios-cv.xcconfig */,
				C29557BE1DFD7ED700A634F1 /* SwiftCV-Bridging-Header.h */,
				C29557BF1DFD7ED700A634F1 /* SwViewController.swift */,
				C29557BB1DFD7E5D00A634F1 /* Main.storyboard */,
				C29557B91DFD7E5200A634F1 /* AppDelegate.swift */,
				AB6D1AEE193F9B6600F8B0F5 /* README.markdown */,
				AB896A83193E8E830018B9EC /* Products */,
				EE5F212F31B24F2C835C369D /* Frameworks */,
			);
			sourceTree = "<group>";
		};
		AB896A83193E8E830018B9EC /* Products */ = {
			isa = PBXGroup;
			children = (
				AB896A82193E8E830018B9EC /* SwiftCV.app */,
			);
			name = Products;
			sourceTree = "<group>";
		};
		C29557DD1DFD897C00A634F1 /* src */ = {
			isa = PBXGroup;
			children = (
				C2D94D141DFE5F10003886C5 /* cv_functions.h */,
				C2D94D121DFE5831003886C5 /* UIImage+Rotate.m */,
				C29557D71DFD897400A634F1 /* stitching.cpp */,
				C29557D81DFD897400A634F1 /* CVWrapper.mm */,
				C29557D91DFD897400A634F1 /* UIImage+OpenCV.mm */,
			);
			name = src;
			sourceTree = "<group>";
		};
		EE5F212F31B24F2C835C369D /* Frameworks */ = {
			isa = PBXGroup;
			children = (
				C29557CE1DFD812A00A634F1 /* libopencv.a */,
				AB7D8E83193F33B40059EE63 /* libz.dylib */,
			);
			name = Frameworks;
			sourceTree = "<group>";
		};
/* End PBXGroup section */

/* Begin PBXNativeTarget section */
		AB896A81193E8E830018B9EC /* SwiftCV */ = {
			isa = PBXNativeTarget;
			buildConfigurationList = AB896A9E193E8E830018B9EC /* Build configuration list for PBXNativeTarget "SwiftCV" */;
			buildPhases = (
				AB896A7E193E8E830018B9EC /* Sources */,
				AB896A7F193E8E830018B9EC /* Frameworks */,
				AB896A80193E8E830018B9EC /* Resources */,
			);
			buildRules = (
			);
			dependencies = (
			);
			name = SwiftCV;
			productName = SwiftStitch;
			productReference = AB896A82193E8E830018B9EC /* SwiftCV.app */;
			productType = "com.apple.product-type.application";
		};
/* End PBXNativeTarget section */

/* Begin PBXProject section */
		AB896A7A193E8E830018B9EC /* Project object */ = {
			isa = PBXProject;
			attributes = {
				LastSwiftMigration = 0700;
				LastSwiftUpdateCheck = 0700;
				LastUpgradeCheck = 0800;
				ORGANIZATIONNAME = ellipsis.com;
				TargetAttributes = {
					AB896A81193E8E830018B9EC = {
						CreatedOnToolsVersion = 6.0;
						DevelopmentTeam = 8LKZ5CAK57;
						LastSwiftMigration = 0800;
						ProvisioningStyle = Automatic;
					};
				};
			};
			buildConfigurationList = AB896A7D193E8E830018B9EC /* Build configuration list for PBXProject "SwiftCV" */;
			compatibilityVersion = "Xcode 3.2";
			developmentRegion = English;
			hasScannedForEncodings = 0;
			knownRegions = (
				en,
				Base,
			);
			mainGroup = AB896A79193E8E830018B9EC;
			productRefGroup = AB896A83193E8E830018B9EC /* Products */;
			projectDirPath = "";
			projectRoot = "";
			targets = (
				AB896A81193E8E830018B9EC /* SwiftCV */,
			);
		};
/* End PBXProject section */

/* Begin PBXResourcesBuildPhase section */
		AB896A80193E8E830018B9EC /* Resources */ = {
			isa = PBXResourcesBuildPhase;
			buildActionMask = 2147483647;
			files = (
				C2D94D161DFE6741003886C5 /* Images.xcassets in Resources */,
				C29557BD1DFD7E5D00A634F1 /* Main.storyboard in Resources */,
				C29557CD1DFD800B00A634F1 /* imagine-ios-cv.xcconfig in Resources */,
			);
			runOnlyForDeploymentPostprocessing = 0;
		};
/* End PBXResourcesBuildPhase section */

/* Begin PBXSourcesBuildPhase section */
		AB896A7E193E8E830018B9EC /* Sources */ = {
			isa = PBXSourcesBuildPhase;
			buildActionMask = 2147483647;
			files = (
				C29557C01DFD7ED700A634F1 /* SwViewController.swift in Sources */,
				C27E6D6F1DFE6D6C00DF7609 /* localvariance.cpp in Sources */,
				C29557BA1DFD7E5200A634F1 /* AppDelegate.swift in Sources */,
				C2D94D131DFE5831003886C5 /* UIImage+Rotate.m in Sources */,
				C29557DB1DFD897400A634F1 /* CVWrapper.mm in Sources */,
				C29557DA1DFD897400A634F1 /* stitching.cpp in Sources */,
				C29557DC1DFD897400A634F1 /* UIImage+OpenCV.mm in Sources */,
			);
			runOnlyForDeploymentPostprocessing = 0;
		};
/* End PBXSourcesBuildPhase section */

/* Begin PBXVariantGroup section */
		C29557BB1DFD7E5D00A634F1 /* Main.storyboard */ = {
			isa = PBXVariantGroup;
			children = (
				C29557BC1DFD7E5D00A634F1 /* Base */,
			);
			name = Main.storyboard;
			sourceTree = "<group>";
		};
/* End PBXVariantGroup section */

/* Begin XCBuildConfiguration section */
		AB896A9C193E8E830018B9EC /* Debug */ = {
			isa = XCBuildConfiguration;
			buildSettings = {
				ALWAYS_SEARCH_USER_PATHS = NO;
				CLANG_CXX_LANGUAGE_STANDARD = "gnu++0x";
				CLANG_CXX_LIBRARY = "libc++";
				CLANG_ENABLE_MODULES = YES;
				CLANG_ENABLE_OBJC_ARC = YES;
				CLANG_WARN_BOOL_CONVERSION = YES;
				CLANG_WARN_CONSTANT_CONVERSION = YES;
				CLANG_WARN_DIRECT_OBJC_ISA_USAGE = YES_ERROR;
				CLANG_WARN_EMPTY_BODY = YES;
				CLANG_WARN_ENUM_CONVERSION = YES;
				CLANG_WARN_INFINITE_RECURSION = YES;
				CLANG_WARN_INT_CONVERSION = YES;
				CLANG_WARN_OBJC_ROOT_CLASS = YES_ERROR;
				CLANG_WARN_SUSPICIOUS_MOVE = YES;
				CLANG_WARN_UNREACHABLE_CODE = YES;
				CLANG_WARN__DUPLICATE_METHOD_MATCH = YES;
				"CODE_SIGN_IDENTITY[sdk=iphoneos*]" = "iPhone Developer";
				COPY_PHASE_STRIP = NO;
				ENABLE_STRICT_OBJC_MSGSEND = YES;
				ENABLE_TESTABILITY = YES;
				GCC_C_LANGUAGE_STANDARD = gnu99;
				GCC_DYNAMIC_NO_PIC = NO;
				GCC_NO_COMMON_BLOCKS = YES;
				GCC_OPTIMIZATION_LEVEL = 0;
				GCC_PREPROCESSOR_DEFINITIONS = (
					"DEBUG=1",
					"$(inherited)",
				);
				GCC_SYMBOLS_PRIVATE_EXTERN = NO;
				GCC_WARN_64_TO_32_BIT_CONVERSION = YES;
				GCC_WARN_ABOUT_RETURN_TYPE = YES_ERROR;
				GCC_WARN_UNDECLARED_SELECTOR = YES;
				GCC_WARN_UNINITIALIZED_AUTOS = YES_AGGRESSIVE;
				GCC_WARN_UNUSED_FUNCTION = YES;
				GCC_WARN_UNUSED_VARIABLE = YES;
				IPHONEOS_DEPLOYMENT_TARGET = 10.0;
				METAL_ENABLE_DEBUG_INFO = YES;
				ONLY_ACTIVE_ARCH = YES;
				SDKROOT = iphoneos;
				SWIFT_OPTIMIZATION_LEVEL = "-Onone";
				TARGETED_DEVICE_FAMILY = "1,2";
			};
			name = Debug;
		};
		AB896A9D193E8E830018B9EC /* Release */ = {
			isa = XCBuildConfiguration;
			buildSettings = {
				ALWAYS_SEARCH_USER_PATHS = NO;
				CLANG_CXX_LANGUAGE_STANDARD = "gnu++0x";
				CLANG_CXX_LIBRARY = "libc++";
				CLANG_ENABLE_MODULES = YES;
				CLANG_ENABLE_OBJC_ARC = YES;
				CLANG_WARN_BOOL_CONVERSION = YES;
				CLANG_WARN_CONSTANT_CONVERSION = YES;
				CLANG_WARN_DIRECT_OBJC_ISA_USAGE = YES_ERROR;
				CLANG_WARN_EMPTY_BODY = YES;
				CLANG_WARN_ENUM_CONVERSION = YES;
				CLANG_WARN_INFINITE_RECURSION = YES;
				CLANG_WARN_INT_CONVERSION = YES;
				CLANG_WARN_OBJC_ROOT_CLASS = YES_ERROR;
				CLANG_WARN_SUSPICIOUS_MOVE = YES;
				CLANG_WARN_UNREACHABLE_CODE = YES;
				CLANG_WARN__DUPLICATE_METHOD_MATCH = YES;
				"CODE_SIGN_IDENTITY[sdk=iphoneos*]" = "iPhone Developer";
				COPY_PHASE_STRIP = YES;
				ENABLE_NS_ASSERTIONS = NO;
				ENABLE_STRICT_OBJC_MSGSEND = YES;
				GCC_C_LANGUAGE_STANDARD = gnu99;
				GCC_NO_COMMON_BLOCKS = YES;
				GCC_WARN_64_TO_32_BIT_CONVERSION = YES;
				GCC_WARN_ABOUT_RETURN_TYPE = YES_ERROR;
				GCC_WARN_UNDECLARED_SELECTOR = YES;
				GCC_WARN_UNINITIALIZED_AUTOS = YES_AGGRESSIVE;
				GCC_WARN_UNUSED_FUNCTION = YES;
				GCC_WARN_UNUSED_VARIABLE = YES;
				IPHONEOS_DEPLOYMENT_TARGET = 10.0;
				METAL_ENABLE_DEBUG_INFO = NO;
				SDKROOT = iphoneos;
				SWIFT_OPTIMIZATION_LEVEL = "-Owholemodule";
				TARGETED_DEVICE_FAMILY = "1,2";
				VALIDATE_PRODUCT = YES;
			};
			name = Release;
		};
		AB896A9F193E8E830018B9EC /* Debug */ = {
			isa = XCBuildConfiguration;
			baseConfigurationReference = C29557CC1DFD800B00A634F1 /* imagine-ios-cv.xcconfig */;
			buildSettings = {
				ASSETCATALOG_COMPILER_APPICON_NAME = AppIcon;
				ASSETCATALOG_COMPILER_LAUNCHIMAGE_NAME = LaunchImage;
				CLANG_ENABLE_MODULES = YES;
				"CODE_SIGN_IDENTITY[sdk=iphoneos*]" = "iPhone Developer";
				DEVELOPMENT_TEAM = 8LKZ5CAK57;
				ENABLE_BITCODE = NO;
				INFOPLIST_FILE = SwiftCV/Info.plist;
				IPHONEOS_DEPLOYMENT_TARGET = 10.0;
				LD_RUNPATH_SEARCH_PATHS = "$(inherited) @executable_path/Frameworks";
				LIBRARY_SEARCH_PATHS = "$(LOCAL_OCV)/lib/ios";
				PRODUCT_BUNDLE_IDENTIFIER = com.darisallc;
				PRODUCT_NAME = "$(TARGET_NAME)";
				SWIFT_OBJC_BRIDGING_HEADER = "SwiftCV/SwiftCV-Bridging-Header.h";
				SWIFT_OPTIMIZATION_LEVEL = "-Onone";
				SWIFT_VERSION = 3.0;
			};
			name = Debug;
		};
		AB896AA0193E8E830018B9EC /* Release */ = {
			isa = XCBuildConfiguration;
			baseConfigurationReference = C29557CC1DFD800B00A634F1 /* imagine-ios-cv.xcconfig */;
			buildSettings = {
				ASSETCATALOG_COMPILER_APPICON_NAME = AppIcon;
				ASSETCATALOG_COMPILER_LAUNCHIMAGE_NAME = LaunchImage;
				CLANG_ENABLE_MODULES = YES;
				"CODE_SIGN_IDENTITY[sdk=iphoneos*]" = "iPhone Developer";
				DEVELOPMENT_TEAM = 8LKZ5CAK57;
				ENABLE_BITCODE = NO;
				INFOPLIST_FILE = SwiftCV/Info.plist;
				IPHONEOS_DEPLOYMENT_TARGET = 10.0;
				LD_RUNPATH_SEARCH_PATHS = "$(inherited) @executable_path/Frameworks";
				LIBRARY_SEARCH_PATHS = "$(LOCAL_OCV)/lib/ios";
				PRODUCT_BUNDLE_IDENTIFIER = com.darisallc;
				PRODUCT_NAME = "$(TARGET_NAME)";
				SWIFT_OBJC_BRIDGING_HEADER = "SwiftCV/SwiftCV-Bridging-Header.h";
				SWIFT_VERSION = 3.0;
			};
			name = Release;
		};
/* End XCBuildConfiguration section */

/* Begin XCConfigurationList section */
		AB896A7D193E8E830018B9EC /* Build configuration list for PBXProject "SwiftCV" */ = {
			isa = XCConfigurationList;
			buildConfigurations = (
				AB896A9C193E8E830018B9EC /* Debug */,
				AB896A9D193E8E830018B9EC /* Release */,
			);
			defaultConfigurationIsVisible = 0;
			defaultConfigurationName = Release;
		};
		AB896A9E193E8E830018B9EC /* Build configuration list for PBXNativeTarget "SwiftCV" */ = {
			isa = XCConfigurationList;
			buildConfigurations = (
				AB896A9F193E8E830018B9EC /* Debug */,
				AB896AA0193E8E830018B9EC /* Release */,
			);
			defaultConfigurationIsVisible = 0;
			defaultConfigurationName = Release;
		};
/* End XCConfigurationList section */
	};
	rootObject = AB896A7A193E8E830018B9EC /* Project object */;
}
