// !$*UTF8*$!
{
	archiveVersion = 1;
	classes = {
	};
	objectVersion = 46;
	objects = {

/* Begin PBXBuildFile section */
		C21DBFE41E405C8900C5938B /* UIImage+OpenCV.mm in Sources */ = {isa = PBXBuildFile; fileRef = C21DBFE01E405C8900C5938B /* UIImage+OpenCV.mm */; };
		C21DBFE51E405C8900C5938B /* UIImage+Rotate.m in Sources */ = {isa = PBXBuildFile; fileRef = C21DBFE21E405C8900C5938B /* UIImage+Rotate.m */; };
		C21DBFE81E405DF300C5938B /* camera-ios-cv.xcconfig in Resources */ = {isa = PBXBuildFile; fileRef = C21DBFE71E405DF300C5938B /* camera-ios-cv.xcconfig */; };
		C21DBFEC1E405FBD00C5938B /* libopencv.a in Frameworks */ = {isa = PBXBuildFile; fileRef = C21DBFEB1E405FBD00C5938B /* libopencv.a */; };
		C226F37D1F1916A500807DD7 /* swiftstats.swift in Sources */ = {isa = PBXBuildFile; fileRef = C226F37C1F1916A500807DD7 /* swiftstats.swift */; };
		C226F37F1F191C3700807DD7 /* Correlation.swift in Sources */ = {isa = PBXBuildFile; fileRef = C226F37E1F191C3700807DD7 /* Correlation.swift */; };
		C239B89A1F0CED3A008D0DBF /* Assets.xcassets in Resources */ = {isa = PBXBuildFile; fileRef = C239B8991F0CED3A008D0DBF /* Assets.xcassets */; };
		C2412FC41F1D7E9A00036A35 /* CompareHelpers.swift in Sources */ = {isa = PBXBuildFile; fileRef = C2412FC31F1D7E9A00036A35 /* CompareHelpers.swift */; };
		C2412FCC1F1EBB8F00036A35 /* LaunchScreen.storyboard in Resources */ = {isa = PBXBuildFile; fileRef = C2412FCA1F1EBB8F00036A35 /* LaunchScreen.storyboard */; };
		C2412FCF1F1EC89F00036A35 /* Main.storyboard in Resources */ = {isa = PBXBuildFile; fileRef = C2412FCD1F1EC89F00036A35 /* Main.storyboard */; };
		C242A2241F0D34C8002E8458 /* UIImage+MTLTexture.mm in Sources */ = {isa = PBXBuildFile; fileRef = C2A150A71F04511300C9D418 /* UIImage+MTLTexture.mm */; };
		C28062B41EC232E5004CD22E /* rand_support.cpp in Sources */ = {isa = PBXBuildFile; fileRef = C28062B31EC232E5004CD22E /* rand_support.cpp */; };
		C291D95D1E42BE7D004E78E4 /* matpixel.cpp in Sources */ = {isa = PBXBuildFile; fileRef = C291D9581E42BE7D004E78E4 /* matpixel.cpp */; };
		C291D95E1E42BE7D004E78E4 /* opencv_utils.cpp in Sources */ = {isa = PBXBuildFile; fileRef = C291D9591E42BE7D004E78E4 /* opencv_utils.cpp */; };
		C291D95F1E42BE7D004E78E4 /* registration.cpp in Sources */ = {isa = PBXBuildFile; fileRef = C291D95A1E42BE7D004E78E4 /* registration.cpp */; };
		C291D9601E42BE7D004E78E4 /* rowfunc.cpp in Sources */ = {isa = PBXBuildFile; fileRef = C291D95B1E42BE7D004E78E4 /* rowfunc.cpp */; };
		C291D9611E42BE7D004E78E4 /* self_similarity.cpp in Sources */ = {isa = PBXBuildFile; fileRef = C291D95C1E42BE7D004E78E4 /* self_similarity.cpp */; };
		C291D9631E42BEB4004E78E4 /* ip_utils.cpp in Sources */ = {isa = PBXBuildFile; fileRef = C291D9621E42BEB4004E78E4 /* ip_utils.cpp */; };
		C291D9651E42C3B0004E78E4 /* histo.cpp in Sources */ = {isa = PBXBuildFile; fileRef = C291D9641E42C3B0004E78E4 /* histo.cpp */; };
		C291D9671E42C3DA004E78E4 /* localvariance.cpp in Sources */ = {isa = PBXBuildFile; fileRef = C291D9661E42C3DA004E78E4 /* localvariance.cpp */; };
		C291D9691E42C434004E78E4 /* exception.cpp in Sources */ = {isa = PBXBuildFile; fileRef = C291D9681E42C434004E78E4 /* exception.cpp */; };
		C291D96B1E42C46F004E78E4 /* gradient.cpp in Sources */ = {isa = PBXBuildFile; fileRef = C291D96A1E42C46F004E78E4 /* gradient.cpp */; };
		C29997731F2E74FD008C89AE /* DetectionWindow.swift in Sources */ = {isa = PBXBuildFile; fileRef = C2A150991F04511300C9D418 /* DetectionWindow.swift */; };
		C29997761F2E768A008C89AE /* StructDefs.metal in Sources */ = {isa = PBXBuildFile; fileRef = C2A150A31F04511300C9D418 /* StructDefs.metal */; };
		C2A150A81F04511300C9D418 /* CameraViewControllerProtocol.swift in Sources */ = {isa = PBXBuildFile; fileRef = C2A150951F04511300C9D418 /* CameraViewControllerProtocol.swift */; };
		C2A150AB1F04511300C9D418 /* Context.swift in Sources */ = {isa = PBXBuildFile; fileRef = C2A150981F04511300C9D418 /* Context.swift */; };
		C2A150AD1F04511300C9D418 /* FilterMetalView.swift in Sources */ = {isa = PBXBuildFile; fileRef = C2A1509A1F04511300C9D418 /* FilterMetalView.swift */; };
		C2A150AE1F04511300C9D418 /* FilterRenderer.swift in Sources */ = {isa = PBXBuildFile; fileRef = C2A1509B1F04511300C9D418 /* FilterRenderer.swift */; };
		C2A150AF1F04511300C9D418 /* FilterShader.metal in Sources */ = {isa = PBXBuildFile; fileRef = C2A1509C1F04511300C9D418 /* FilterShader.metal */; };
		C2A150B01F04511300C9D418 /* FocusMarkerView.swift in Sources */ = {isa = PBXBuildFile; fileRef = C2A1509D1F04511300C9D418 /* FocusMarkerView.swift */; };
		C2A150B41F04511300C9D418 /* RectangleDraw.metal in Sources */ = {isa = PBXBuildFile; fileRef = C2A150A11F04511300C9D418 /* RectangleDraw.metal */; };
		C2A150B51F04511300C9D418 /* RosyCIRenderer.swift in Sources */ = {isa = PBXBuildFile; fileRef = C2A150A21F04511300C9D418 /* RosyCIRenderer.swift */; };
		C2A150B71F04511300C9D418 /* UIImage+cvMat.mm in Sources */ = {isa = PBXBuildFile; fileRef = C2A150A51F04511300C9D418 /* UIImage+cvMat.mm */; };
		C2A150B91F0451A800C9D418 /* LocationMarkerView.swift in Sources */ = {isa = PBXBuildFile; fileRef = C2A1509E1F04511300C9D418 /* LocationMarkerView.swift */; };
		C2AEE75D1F13BAF700345A94 /* ocvCalibrator.mm in Sources */ = {isa = PBXBuildFile; fileRef = C2AEE75C1F13BAF700345A94 /* ocvCalibrator.mm */; };
		C2AEE75F1F13BB9600345A94 /* calibParameters.swift in Sources */ = {isa = PBXBuildFile; fileRef = C2AEE75E1F13BB9600345A94 /* calibParameters.swift */; };
		C2AEE7611F13BBE500345A94 /* AppDelegate.swift in Sources */ = {isa = PBXBuildFile; fileRef = C2AEE7601F13BBE500345A94 /* AppDelegate.swift */; };
		C2AEE7631F13BBFD00345A94 /* CameraViewController.swift in Sources */ = {isa = PBXBuildFile; fileRef = C2AEE7621F13BBFD00345A94 /* CameraViewController.swift */; };
		C2D9010F1F1288E700012D48 /* find.cpp in Sources */ = {isa = PBXBuildFile; fileRef = C2D9010E1F1288E700012D48 /* find.cpp */; };
		C2DA75391F200E5D00D7A83E /* imageDistance.swift in Sources */ = {isa = PBXBuildFile; fileRef = C2DA75381F200E5D00D7A83E /* imageDistance.swift */; };
		C2DB10F51EC6C52A009816BE /* CVSiteTemplate.mm in Sources */ = {isa = PBXBuildFile; fileRef = C2DB10F21EC6C52A009816BE /* CVSiteTemplate.mm */; };
		C2DB10F61EC6C52A009816BE /* siteTemplate.cpp in Sources */ = {isa = PBXBuildFile; fileRef = C2DB10F31EC6C52A009816BE /* siteTemplate.cpp */; };
		C2DB11011EC7AAB5009816BE /* bitvector.cpp in Sources */ = {isa = PBXBuildFile; fileRef = C2DB11001EC7AAB5009816BE /* bitvector.cpp */; };
		C2DB11051ECA33AE009816BE /* MotionManager.cpp in Sources */ = {isa = PBXBuildFile; fileRef = C2DB11031ECA33AE009816BE /* MotionManager.cpp */; };
		C2DB11081ECA346C009816BE /* CoreMotionImpl.mm in Sources */ = {isa = PBXBuildFile; fileRef = C2DB11071ECA346C009816BE /* CoreMotionImpl.mm */; };
		C2DB110A1ECA3697009816BE /* CoreMotion.framework in Frameworks */ = {isa = PBXBuildFile; fileRef = C2DB11091ECA3697009816BE /* CoreMotion.framework */; };
		C2EF905A1F2184EE000494F2 /* MovingRMS.swift in Sources */ = {isa = PBXBuildFile; fileRef = C2EF90591F2184EE000494F2 /* MovingRMS.swift */; };
/* End PBXBuildFile section */

/* Begin PBXFileReference section */
		959774441A5ED27500434355 /* UCamera.app */ = {isa = PBXFileReference; explicitFileType = wrapper.application; includeInIndex = 0; path = UCamera.app; sourceTree = BUILT_PRODUCTS_DIR; };
		959774481A5ED27500434355 /* Info.plist */ = {isa = PBXFileReference; lastKnownFileType = text.plist.xml; path = Info.plist; sourceTree = "<group>"; };
		C21DBFDB1E405C8900C5938B /* Camera-Bridging-Header.h */ = {isa = PBXFileReference; lastKnownFileType = sourcecode.c.h; path = "Camera-Bridging-Header.h"; sourceTree = "<group>"; };
		C21DBFDF1E405C8900C5938B /* UIImage+OpenCV.h */ = {isa = PBXFileReference; fileEncoding = 4; lastKnownFileType = sourcecode.c.h; name = "UIImage+OpenCV.h"; path = "../vision/UIImage+OpenCV.h"; sourceTree = "<group>"; };
		C21DBFE01E405C8900C5938B /* UIImage+OpenCV.mm */ = {isa = PBXFileReference; fileEncoding = 4; lastKnownFileType = sourcecode.cpp.objcpp; name = "UIImage+OpenCV.mm"; path = "../vision/UIImage+OpenCV.mm"; sourceTree = "<group>"; };
		C21DBFE11E405C8900C5938B /* UIImage+Rotate.h */ = {isa = PBXFileReference; fileEncoding = 4; lastKnownFileType = sourcecode.c.h; name = "UIImage+Rotate.h"; path = "../vision/UIImage+Rotate.h"; sourceTree = "<group>"; };
		C21DBFE21E405C8900C5938B /* UIImage+Rotate.m */ = {isa = PBXFileReference; fileEncoding = 4; lastKnownFileType = sourcecode.c.objc; name = "UIImage+Rotate.m"; path = "../vision/UIImage+Rotate.m"; sourceTree = "<group>"; };
		C21DBFE71E405DF300C5938B /* camera-ios-cv.xcconfig */ = {isa = PBXFileReference; fileEncoding = 4; lastKnownFileType = text.xcconfig; name = "camera-ios-cv.xcconfig"; path = "configs/camera-ios-cv.xcconfig"; sourceTree = "<group>"; };
		C21DBFEB1E405FBD00C5938B /* libopencv.a */ = {isa = PBXFileReference; lastKnownFileType = archive.ar; name = libopencv.a; path = blocks/OpenCV3/lib/ios/libopencv.a; sourceTree = "<group>"; };
		C226F37C1F1916A500807DD7 /* swiftstats.swift */ = {isa = PBXFileReference; fileEncoding = 4; lastKnownFileType = sourcecode.swift; name = swiftstats.swift; path = ../../../snippets/swift/swiftstats.swift; sourceTree = "<group>"; };
		C226F37E1F191C3700807DD7 /* Correlation.swift */ = {isa = PBXFileReference; fileEncoding = 4; lastKnownFileType = sourcecode.swift; name = Correlation.swift; path = UCamera/Correlation.swift; sourceTree = "<group>"; };
		C239B8991F0CED3A008D0DBF /* Assets.xcassets */ = {isa = PBXFileReference; lastKnownFileType = folder.assetcatalog; name = Assets.xcassets; path = UCamera/Assets.xcassets; sourceTree = "<group>"; };
		C239B89B1F0D22A4008D0DBF /* UIKit.framework */ = {isa = PBXFileReference; lastKnownFileType = wrapper.framework; name = UIKit.framework; path = System/Library/Frameworks/UIKit.framework; sourceTree = SDKROOT; };
		C2412FC31F1D7E9A00036A35 /* CompareHelpers.swift */ = {isa = PBXFileReference; fileEncoding = 4; lastKnownFileType = sourcecode.swift; name = CompareHelpers.swift; path = UCamera/CompareHelpers.swift; sourceTree = "<group>"; };
		C2412FCB1F1EBB8F00036A35 /* Base */ = {isa = PBXFileReference; lastKnownFileType = file.storyboard; name = Base; path = UCamera/Base.lproj/LaunchScreen.storyboard; sourceTree = "<group>"; };
		C2412FCE1F1EC89F00036A35 /* Base */ = {isa = PBXFileReference; lastKnownFileType = file.storyboard; name = Base; path = UCamera/Base.lproj/Main.storyboard; sourceTree = "<group>"; };
		C28062B31EC232E5004CD22E /* rand_support.cpp */ = {isa = PBXFileReference; fileEncoding = 4; lastKnownFileType = sourcecode.cpp.cpp; name = rand_support.cpp; path = ../../../../svl/src/rand_support.cpp; sourceTree = "<group>"; };
		C291D93D1E4209AA004E78E4 /* libboost_filesystem.a */ = {isa = PBXFileReference; lastKnownFileType = archive.ar; name = libboost_filesystem.a; path = ../../svl/local/cinder/cinder_0.9/lib/ios/libboost_filesystem.a; sourceTree = "<group>"; };
		C291D93E1E4209AA004E78E4 /* libboost_system.a */ = {isa = PBXFileReference; lastKnownFileType = archive.ar; name = libboost_system.a; path = ../../svl/local/cinder/cinder_0.9/lib/ios/libboost_system.a; sourceTree = "<group>"; };
		C291D9581E42BE7D004E78E4 /* matpixel.cpp */ = {isa = PBXFileReference; fileEncoding = 4; lastKnownFileType = sourcecode.cpp.cpp; name = matpixel.cpp; path = ../../../../svl/src/matpixel.cpp; sourceTree = "<group>"; };
		C291D9591E42BE7D004E78E4 /* opencv_utils.cpp */ = {isa = PBXFileReference; fileEncoding = 4; lastKnownFileType = sourcecode.cpp.cpp; name = opencv_utils.cpp; path = ../../../../svl/src/opencv_utils.cpp; sourceTree = "<group>"; };
		C291D95A1E42BE7D004E78E4 /* registration.cpp */ = {isa = PBXFileReference; fileEncoding = 4; lastKnownFileType = sourcecode.cpp.cpp; name = registration.cpp; path = ../../../../svl/src/registration.cpp; sourceTree = "<group>"; };
		C291D95B1E42BE7D004E78E4 /* rowfunc.cpp */ = {isa = PBXFileReference; fileEncoding = 4; lastKnownFileType = sourcecode.cpp.cpp; name = rowfunc.cpp; path = ../../../../svl/src/rowfunc.cpp; sourceTree = "<group>"; };
		C291D95C1E42BE7D004E78E4 /* self_similarity.cpp */ = {isa = PBXFileReference; fileEncoding = 4; lastKnownFileType = sourcecode.cpp.cpp; name = self_similarity.cpp; path = ../../../../svl/src/self_similarity.cpp; sourceTree = "<group>"; };
		C291D9621E42BEB4004E78E4 /* ip_utils.cpp */ = {isa = PBXFileReference; fileEncoding = 4; lastKnownFileType = sourcecode.cpp.cpp; name = ip_utils.cpp; path = ../../../../svl/src/ip_utils.cpp; sourceTree = "<group>"; };
		C291D9641E42C3B0004E78E4 /* histo.cpp */ = {isa = PBXFileReference; fileEncoding = 4; lastKnownFileType = sourcecode.cpp.cpp; name = histo.cpp; path = ../../../../svl/src/histo.cpp; sourceTree = "<group>"; };
		C291D9661E42C3DA004E78E4 /* localvariance.cpp */ = {isa = PBXFileReference; fileEncoding = 4; lastKnownFileType = sourcecode.cpp.cpp; name = localvariance.cpp; path = ../../../../svl/src/localvariance.cpp; sourceTree = "<group>"; };
		C291D9681E42C434004E78E4 /* exception.cpp */ = {isa = PBXFileReference; fileEncoding = 4; lastKnownFileType = sourcecode.cpp.cpp; name = exception.cpp; path = ../../../../svl/src/exception.cpp; sourceTree = "<group>"; };
		C291D96A1E42C46F004E78E4 /* gradient.cpp */ = {isa = PBXFileReference; fileEncoding = 4; lastKnownFileType = sourcecode.cpp.cpp; name = gradient.cpp; path = ../../../../svl/src/gradient.cpp; sourceTree = "<group>"; };
		C2A150951F04511300C9D418 /* CameraViewControllerProtocol.swift */ = {isa = PBXFileReference; fileEncoding = 4; lastKnownFileType = sourcecode.swift; name = CameraViewControllerProtocol.swift; path = UCamera/CameraViewControllerProtocol.swift; sourceTree = "<group>"; };
		C2A150961F04511300C9D418 /* Central.swift */ = {isa = PBXFileReference; fileEncoding = 4; lastKnownFileType = sourcecode.swift; name = Central.swift; path = UCamera/Central.swift; sourceTree = "<group>"; };
		C2A150971F04511300C9D418 /* Central+Draw.swift */ = {isa = PBXFileReference; fileEncoding = 4; lastKnownFileType = sourcecode.swift; name = "Central+Draw.swift"; path = "UCamera/Central+Draw.swift"; sourceTree = "<group>"; };
		C2A150981F04511300C9D418 /* Context.swift */ = {isa = PBXFileReference; fileEncoding = 4; lastKnownFileType = sourcecode.swift; name = Context.swift; path = UCamera/Context.swift; sourceTree = "<group>"; };
		C2A150991F04511300C9D418 /* DetectionWindow.swift */ = {isa = PBXFileReference; fileEncoding = 4; lastKnownFileType = sourcecode.swift; name = DetectionWindow.swift; path = UCamera/DetectionWindow.swift; sourceTree = "<group>"; };
		C2A1509A1F04511300C9D418 /* FilterMetalView.swift */ = {isa = PBXFileReference; fileEncoding = 4; lastKnownFileType = sourcecode.swift; name = FilterMetalView.swift; path = UCamera/FilterMetalView.swift; sourceTree = "<group>"; };
		C2A1509B1F04511300C9D418 /* FilterRenderer.swift */ = {isa = PBXFileReference; fileEncoding = 4; lastKnownFileType = sourcecode.swift; name = FilterRenderer.swift; path = UCamera/FilterRenderer.swift; sourceTree = "<group>"; };
		C2A1509C1F04511300C9D418 /* FilterShader.metal */ = {isa = PBXFileReference; fileEncoding = 4; lastKnownFileType = sourcecode.metal; name = FilterShader.metal; path = UCamera/FilterShader.metal; sourceTree = "<group>"; };
		C2A1509D1F04511300C9D418 /* FocusMarkerView.swift */ = {isa = PBXFileReference; fileEncoding = 4; lastKnownFileType = sourcecode.swift; name = FocusMarkerView.swift; path = UCamera/FocusMarkerView.swift; sourceTree = "<group>"; };
		C2A1509E1F04511300C9D418 /* LocationMarkerView.swift */ = {isa = PBXFileReference; fileEncoding = 4; lastKnownFileType = sourcecode.swift; name = LocationMarkerView.swift; path = UCamera/LocationMarkerView.swift; sourceTree = "<group>"; };
		C2A150A01F04511300C9D418 /* MetalHelpers.swift */ = {isa = PBXFileReference; fileEncoding = 4; lastKnownFileType = sourcecode.swift; name = MetalHelpers.swift; path = UCamera/MetalHelpers.swift; sourceTree = "<group>"; };
		C2A150A11F04511300C9D418 /* RectangleDraw.metal */ = {isa = PBXFileReference; fileEncoding = 4; lastKnownFileType = sourcecode.metal; name = RectangleDraw.metal; path = UCamera/RectangleDraw.metal; sourceTree = "<group>"; };
		C2A150A21F04511300C9D418 /* RosyCIRenderer.swift */ = {isa = PBXFileReference; fileEncoding = 4; lastKnownFileType = sourcecode.swift; name = RosyCIRenderer.swift; path = UCamera/RosyCIRenderer.swift; sourceTree = "<group>"; };
		C2A150A31F04511300C9D418 /* StructDefs.metal */ = {isa = PBXFileReference; fileEncoding = 4; lastKnownFileType = sourcecode.metal; name = StructDefs.metal; path = UCamera/StructDefs.metal; sourceTree = "<group>"; };
		C2A150A41F04511300C9D418 /* UIImage+cvMat.h */ = {isa = PBXFileReference; fileEncoding = 4; lastKnownFileType = sourcecode.c.h; name = "UIImage+cvMat.h"; path = "UCamera/UIImage+cvMat.h"; sourceTree = "<group>"; };
		C2A150A51F04511300C9D418 /* UIImage+cvMat.mm */ = {isa = PBXFileReference; fileEncoding = 4; lastKnownFileType = sourcecode.cpp.objcpp; name = "UIImage+cvMat.mm"; path = "UCamera/UIImage+cvMat.mm"; sourceTree = "<group>"; };
		C2A150A61F04511300C9D418 /* UIImage+MTLTexture.h */ = {isa = PBXFileReference; fileEncoding = 4; lastKnownFileType = sourcecode.c.h; name = "UIImage+MTLTexture.h"; path = "UCamera/UIImage+MTLTexture.h"; sourceTree = "<group>"; };
		C2A150A71F04511300C9D418 /* UIImage+MTLTexture.mm */ = {isa = PBXFileReference; fileEncoding = 4; lastKnownFileType = sourcecode.cpp.objcpp; name = "UIImage+MTLTexture.mm"; path = "UCamera/UIImage+MTLTexture.mm"; sourceTree = "<group>"; };
		C2A150C31F045E5900C9D418 /* ocvCalibrator.h */ = {isa = PBXFileReference; fileEncoding = 4; lastKnownFileType = sourcecode.c.h; name = ocvCalibrator.h; path = UCamera/ocvCalibrator.h; sourceTree = "<group>"; };
		C2AEE75C1F13BAF700345A94 /* ocvCalibrator.mm */ = {isa = PBXFileReference; fileEncoding = 4; lastKnownFileType = sourcecode.cpp.objcpp; name = ocvCalibrator.mm; path = UCamera/ocvCalibrator.mm; sourceTree = SOURCE_ROOT; };
		C2AEE75E1F13BB9600345A94 /* calibParameters.swift */ = {isa = PBXFileReference; fileEncoding = 4; lastKnownFileType = sourcecode.swift; name = calibParameters.swift; path = UCamera/calibParameters.swift; sourceTree = "<group>"; };
		C2AEE7601F13BBE500345A94 /* AppDelegate.swift */ = {isa = PBXFileReference; fileEncoding = 4; lastKnownFileType = sourcecode.swift; name = AppDelegate.swift; path = UCamera/AppDelegate.swift; sourceTree = "<group>"; };
		C2AEE7621F13BBFD00345A94 /* CameraViewController.swift */ = {isa = PBXFileReference; fileEncoding = 4; lastKnownFileType = sourcecode.swift; name = CameraViewController.swift; path = UCamera/CameraViewController.swift; sourceTree = "<group>"; };
		C2D9010E1F1288E700012D48 /* find.cpp */ = {isa = PBXFileReference; fileEncoding = 4; lastKnownFileType = sourcecode.cpp.cpp; name = find.cpp; path = ../../../../svl/src/find.cpp; sourceTree = "<group>"; };
		C2DA75381F200E5D00D7A83E /* imageDistance.swift */ = {isa = PBXFileReference; fileEncoding = 4; lastKnownFileType = sourcecode.swift; name = imageDistance.swift; path = UCamera/imageDistance.swift; sourceTree = "<group>"; };
		C2DB10F11EC6C52A009816BE /* CVSiteTemplate.h */ = {isa = PBXFileReference; fileEncoding = 4; lastKnownFileType = sourcecode.c.h; name = CVSiteTemplate.h; path = ../vision/CVSiteTemplate.h; sourceTree = "<group>"; };
		C2DB10F21EC6C52A009816BE /* CVSiteTemplate.mm */ = {isa = PBXFileReference; fileEncoding = 4; lastKnownFileType = sourcecode.cpp.objcpp; name = CVSiteTemplate.mm; path = ../vision/CVSiteTemplate.mm; sourceTree = "<group>"; };
		C2DB10F31EC6C52A009816BE /* siteTemplate.cpp */ = {isa = PBXFileReference; fileEncoding = 4; lastKnownFileType = sourcecode.cpp.cpp; name = siteTemplate.cpp; path = ../vision/siteTemplate.cpp; sourceTree = "<group>"; };
		C2DB10F41EC6C52A009816BE /* siteTemplate.h */ = {isa = PBXFileReference; fileEncoding = 4; lastKnownFileType = sourcecode.c.h; name = siteTemplate.h; path = ../vision/siteTemplate.h; sourceTree = "<group>"; };
		C2DB11001EC7AAB5009816BE /* bitvector.cpp */ = {isa = PBXFileReference; fileEncoding = 4; lastKnownFileType = sourcecode.cpp.cpp; name = bitvector.cpp; path = ../../../../svl/src/bitvector.cpp; sourceTree = "<group>"; };
		C2DB11021EC7F57E009816BE /* siteCommon.h */ = {isa = PBXFileReference; fileEncoding = 4; lastKnownFileType = sourcecode.c.h; name = siteCommon.h; path = ../vision/siteCommon.h; sourceTree = "<group>"; };
		C2DB11031ECA33AE009816BE /* MotionManager.cpp */ = {isa = PBXFileReference; fileEncoding = 4; lastKnownFileType = sourcecode.cpp.cpp; name = MotionManager.cpp; path = ../vision/MotionManager.cpp; sourceTree = "<group>"; };
		C2DB11041ECA33AE009816BE /* MotionManager.h */ = {isa = PBXFileReference; fileEncoding = 4; lastKnownFileType = sourcecode.c.h; name = MotionManager.h; path = ../vision/MotionManager.h; sourceTree = "<group>"; };
		C2DB11061ECA346C009816BE /* CoreMotionImpl.h */ = {isa = PBXFileReference; fileEncoding = 4; lastKnownFileType = sourcecode.c.h; name = CoreMotionImpl.h; path = ../vision/CoreMotionImpl.h; sourceTree = "<group>"; };
		C2DB11071ECA346C009816BE /* CoreMotionImpl.mm */ = {isa = PBXFileReference; fileEncoding = 4; lastKnownFileType = sourcecode.cpp.objcpp; name = CoreMotionImpl.mm; path = ../vision/CoreMotionImpl.mm; sourceTree = "<group>"; };
		C2DB11091ECA3697009816BE /* CoreMotion.framework */ = {isa = PBXFileReference; lastKnownFileType = wrapper.framework; name = CoreMotion.framework; path = System/Library/Frameworks/CoreMotion.framework; sourceTree = SDKROOT; };
		C2DB110D1ECA5C17009816BE /* Fabric.framework */ = {isa = PBXFileReference; lastKnownFileType = wrapper.framework; path = Fabric.framework; sourceTree = "<group>"; };
		C2EF90591F2184EE000494F2 /* MovingRMS.swift */ = {isa = PBXFileReference; fileEncoding = 4; lastKnownFileType = sourcecode.swift; name = MovingRMS.swift; path = UCamera/MovingRMS.swift; sourceTree = "<group>"; };
/* End PBXFileReference section */

/* Begin PBXFrameworksBuildPhase section */
		959774411A5ED27500434355 /* Frameworks */ = {
			isa = PBXFrameworksBuildPhase;
			buildActionMask = 2147483647;
			files = (
				C2DB110A1ECA3697009816BE /* CoreMotion.framework in Frameworks */,
				C21DBFEC1E405FBD00C5938B /* libopencv.a in Frameworks */,
			);
			runOnlyForDeploymentPostprocessing = 0;
		};
/* End PBXFrameworksBuildPhase section */

/* Begin PBXGroup section */
		9597743B1A5ED27500434355 = {
			isa = PBXGroup;
			children = (
				C226F37C1F1916A500807DD7 /* swiftstats.swift */,
				C2AEE7601F13BBE500345A94 /* AppDelegate.swift */,
				C239B8991F0CED3A008D0DBF /* Assets.xcassets */,
				C2A150C31F045E5900C9D418 /* ocvCalibrator.h */,
				C2A150951F04511300C9D418 /* CameraViewControllerProtocol.swift */,
				C2A150961F04511300C9D418 /* Central.swift */,
				C2EF90591F2184EE000494F2 /* MovingRMS.swift */,
				C2A150971F04511300C9D418 /* Central+Draw.swift */,
				C2A150981F04511300C9D418 /* Context.swift */,
				C2A150991F04511300C9D418 /* DetectionWindow.swift */,
				C2A1509A1F04511300C9D418 /* FilterMetalView.swift */,
				C2A1509B1F04511300C9D418 /* FilterRenderer.swift */,
				C2A1509C1F04511300C9D418 /* FilterShader.metal */,
				C2A1509D1F04511300C9D418 /* FocusMarkerView.swift */,
				C2A1509E1F04511300C9D418 /* LocationMarkerView.swift */,
				C2A150A01F04511300C9D418 /* MetalHelpers.swift */,
				C2412FC31F1D7E9A00036A35 /* CompareHelpers.swift */,
				C2A150A11F04511300C9D418 /* RectangleDraw.metal */,
				C2A150A21F04511300C9D418 /* RosyCIRenderer.swift */,
				C2A150A31F04511300C9D418 /* StructDefs.metal */,
				C2A150A41F04511300C9D418 /* UIImage+cvMat.h */,
				C2A150A51F04511300C9D418 /* UIImage+cvMat.mm */,
				C2A150A61F04511300C9D418 /* UIImage+MTLTexture.h */,
				C2A150A71F04511300C9D418 /* UIImage+MTLTexture.mm */,
				C2AEE75E1F13BB9600345A94 /* calibParameters.swift */,
				C2AEE75C1F13BAF700345A94 /* ocvCalibrator.mm */,
				C2AEE7621F13BBFD00345A94 /* CameraViewController.swift */,
				C2DA75381F200E5D00D7A83E /* imageDistance.swift */,
				C21DBFE91E405F5A00C5938B /* frameworks */,
				C21DBFE71E405DF300C5938B /* camera-ios-cv.xcconfig */,
				959774461A5ED27500434355 /* UCamera */,
				959774451A5ED27500434355 /* Products */,
				C21DBFDB1E405C8900C5938B /* Camera-Bridging-Header.h */,
				C21DBFEA1E405FBC00C5938B /* Frameworks */,
			);
			sourceTree = "<group>";
		};
		959774451A5ED27500434355 /* Products */ = {
			isa = PBXGroup;
			children = (
				959774441A5ED27500434355 /* UCamera.app */,
			);
			name = Products;
			sourceTree = "<group>";
		};
		959774461A5ED27500434355 /* UCamera */ = {
			isa = PBXGroup;
			children = (
				C2412FCD1F1EC89F00036A35 /* Main.storyboard */,
				C2412FCA1F1EBB8F00036A35 /* LaunchScreen.storyboard */,
				C21DBFE61E405CAE00C5938B /* Vision */,
				959774471A5ED27500434355 /* Supporting Files */,
			);
			path = UCamera;
			sourceTree = "<group>";
		};
		959774471A5ED27500434355 /* Supporting Files */ = {
			isa = PBXGroup;
			children = (
				959774481A5ED27500434355 /* Info.plist */,
			);
			name = "Supporting Files";
			path = "../UCamera/Supporting Files";
			sourceTree = "<group>";
		};
		C21DBFE61E405CAE00C5938B /* Vision */ = {
			isa = PBXGroup;
			children = (
				C2D9010E1F1288E700012D48 /* find.cpp */,
				C2DB11031ECA33AE009816BE /* MotionManager.cpp */,
				C2DB11061ECA346C009816BE /* CoreMotionImpl.h */,
				C2DB11071ECA346C009816BE /* CoreMotionImpl.mm */,
				C2DB11041ECA33AE009816BE /* MotionManager.h */,
				C2DB11001EC7AAB5009816BE /* bitvector.cpp */,
				C2DB10F11EC6C52A009816BE /* CVSiteTemplate.h */,
				C2DB10F21EC6C52A009816BE /* CVSiteTemplate.mm */,
				C2DB10F31EC6C52A009816BE /* siteTemplate.cpp */,
				C2DB10F41EC6C52A009816BE /* siteTemplate.h */,
				C2DB11021EC7F57E009816BE /* siteCommon.h */,
				C28062B31EC232E5004CD22E /* rand_support.cpp */,
				C291D96A1E42C46F004E78E4 /* gradient.cpp */,
				C291D9681E42C434004E78E4 /* exception.cpp */,
				C291D9661E42C3DA004E78E4 /* localvariance.cpp */,
				C291D9641E42C3B0004E78E4 /* histo.cpp */,
				C291D9621E42BEB4004E78E4 /* ip_utils.cpp */,
				C291D9581E42BE7D004E78E4 /* matpixel.cpp */,
				C291D9591E42BE7D004E78E4 /* opencv_utils.cpp */,
				C291D95A1E42BE7D004E78E4 /* registration.cpp */,
				C291D95B1E42BE7D004E78E4 /* rowfunc.cpp */,
				C291D95C1E42BE7D004E78E4 /* self_similarity.cpp */,
				C21DBFDF1E405C8900C5938B /* UIImage+OpenCV.h */,
				C21DBFE01E405C8900C5938B /* UIImage+OpenCV.mm */,
				C21DBFE11E405C8900C5938B /* UIImage+Rotate.h */,
				C21DBFE21E405C8900C5938B /* UIImage+Rotate.m */,
			);
			name = Vision;
			path = ../UCamera/Vision;
			sourceTree = "<group>";
		};
		C21DBFE91E405F5A00C5938B /* frameworks */ = {
			isa = PBXGroup;
			children = (
			);
			name = frameworks;
			sourceTree = "<group>";
		};
		C21DBFEA1E405FBC00C5938B /* Frameworks */ = {
			isa = PBXGroup;
			children = (
				C239B89B1F0D22A4008D0DBF /* UIKit.framework */,
				C2DB110D1ECA5C17009816BE /* Fabric.framework */,
				C2DB11091ECA3697009816BE /* CoreMotion.framework */,
				C291D93D1E4209AA004E78E4 /* libboost_filesystem.a */,
				C291D93E1E4209AA004E78E4 /* libboost_system.a */,
				C21DBFEB1E405FBD00C5938B /* libopencv.a */,
			);
			name = Frameworks;
			sourceTree = "<group>";
		};
/* End PBXGroup section */

/* Begin PBXNativeTarget section */
		959774431A5ED27500434355 /* UCamera */ = {
			isa = PBXNativeTarget;
			buildConfigurationList = 959774631A5ED27500434355 /* Build configuration list for PBXNativeTarget "UCamera" */;
			buildPhases = (
				959774401A5ED27500434355 /* Sources */,
				959774411A5ED27500434355 /* Frameworks */,
				959774421A5ED27500434355 /* Resources */,
			);
			buildRules = (
			);
			dependencies = (
			);
			name = UCamera;
			productName = Camera;
			productReference = 959774441A5ED27500434355 /* UCamera.app */;
			productType = "com.apple.product-type.application";
		};
/* End PBXNativeTarget section */

/* Begin PBXProject section */
		9597743C1A5ED27500434355 /* Project object */ = {
			isa = PBXProject;
			attributes = {
				LastSwiftMigration = 0710;
				LastSwiftUpdateCheck = 0710;
				LastUpgradeCheck = 0710;
				ORGANIZATIONNAME = "Leo Pharma";
				TargetAttributes = {
					959774431A5ED27500434355 = {
						CreatedOnToolsVersion = 6.1.1;
						DevelopmentTeam = 8LKZ5CAK57;
						LastSwiftMigration = 0820;
					};
				};
			};
			buildConfigurationList = 9597743F1A5ED27500434355 /* Build configuration list for PBXProject "UCamera" */;
			compatibilityVersion = "Xcode 3.2";
			developmentRegion = English;
			hasScannedForEncodings = 0;
			knownRegions = (
				en,
				Base,
			);
			mainGroup = 9597743B1A5ED27500434355;
			productRefGroup = 959774451A5ED27500434355 /* Products */;
			projectDirPath = "";
			projectRoot = "";
			targets = (
				959774431A5ED27500434355 /* UCamera */,
			);
		};
/* End PBXProject section */

/* Begin PBXResourcesBuildPhase section */
		959774421A5ED27500434355 /* Resources */ = {
			isa = PBXResourcesBuildPhase;
			buildActionMask = 2147483647;
			files = (
				C2412FCC1F1EBB8F00036A35 /* LaunchScreen.storyboard in Resources */,
				C239B89A1F0CED3A008D0DBF /* Assets.xcassets in Resources */,
				C21DBFE81E405DF300C5938B /* camera-ios-cv.xcconfig in Resources */,
				C2412FCF1F1EC89F00036A35 /* Main.storyboard in Resources */,
			);
			runOnlyForDeploymentPostprocessing = 0;
		};
/* End PBXResourcesBuildPhase section */

/* Begin PBXSourcesBuildPhase section */
		959774401A5ED27500434355 /* Sources */ = {
			isa = PBXSourcesBuildPhase;
			buildActionMask = 2147483647;
			files = (
				C2EF905A1F2184EE000494F2 /* MovingRMS.swift in Sources */,
				C2A150A81F04511300C9D418 /* CameraViewControllerProtocol.swift in Sources */,
				C2A150B41F04511300C9D418 /* RectangleDraw.metal in Sources */,
				C21DBFE41E405C8900C5938B /* UIImage+OpenCV.mm in Sources */,
				C28062B41EC232E5004CD22E /* rand_support.cpp in Sources */,
				C2A150AE1F04511300C9D418 /* FilterRenderer.swift in Sources */,
				C291D9631E42BEB4004E78E4 /* ip_utils.cpp in Sources */,
				C291D96B1E42C46F004E78E4 /* gradient.cpp in Sources */,
				C2AEE75F1F13BB9600345A94 /* calibParameters.swift in Sources */,
				C291D95E1E42BE7D004E78E4 /* opencv_utils.cpp in Sources */,
				C2A150B91F0451A800C9D418 /* LocationMarkerView.swift in Sources */,
				C2412FC41F1D7E9A00036A35 /* CompareHelpers.swift in Sources */,
				C2AEE7631F13BBFD00345A94 /* CameraViewController.swift in Sources */,
				C291D9601E42BE7D004E78E4 /* rowfunc.cpp in Sources */,
				C2A150B51F04511300C9D418 /* RosyCIRenderer.swift in Sources */,
				C2A150AD1F04511300C9D418 /* FilterMetalView.swift in Sources */,
				C2DB11051ECA33AE009816BE /* MotionManager.cpp in Sources */,
				C291D95D1E42BE7D004E78E4 /* matpixel.cpp in Sources */,
				C2D9010F1F1288E700012D48 /* find.cpp in Sources */,
				C291D9651E42C3B0004E78E4 /* histo.cpp in Sources */,
				C2DB10F51EC6C52A009816BE /* CVSiteTemplate.mm in Sources */,
				C291D9611E42BE7D004E78E4 /* self_similarity.cpp in Sources */,
				C226F37F1F191C3700807DD7 /* Correlation.swift in Sources */,
				C29997731F2E74FD008C89AE /* DetectionWindow.swift in Sources */,
				C291D9671E42C3DA004E78E4 /* localvariance.cpp in Sources */,
				C2A150AF1F04511300C9D418 /* FilterShader.metal in Sources */,
				C2DB11011EC7AAB5009816BE /* bitvector.cpp in Sources */,
				C226F37D1F1916A500807DD7 /* swiftstats.swift in Sources */,
				C2A150B71F04511300C9D418 /* UIImage+cvMat.mm in Sources */,
				C29997761F2E768A008C89AE /* StructDefs.metal in Sources */,
				C2DB10F61EC6C52A009816BE /* siteTemplate.cpp in Sources */,
				C291D9691E42C434004E78E4 /* exception.cpp in Sources */,
				C2DA75391F200E5D00D7A83E /* imageDistance.swift in Sources */,
				C242A2241F0D34C8002E8458 /* UIImage+MTLTexture.mm in Sources */,
				C2DB11081ECA346C009816BE /* CoreMotionImpl.mm in Sources */,
				C2A150AB1F04511300C9D418 /* Context.swift in Sources */,
				C21DBFE51E405C8900C5938B /* UIImage+Rotate.m in Sources */,
				C291D95F1E42BE7D004E78E4 /* registration.cpp in Sources */,
				C2A150B01F04511300C9D418 /* FocusMarkerView.swift in Sources */,
				C2AEE7611F13BBE500345A94 /* AppDelegate.swift in Sources */,
				C2AEE75D1F13BAF700345A94 /* ocvCalibrator.mm in Sources */,
			);
			runOnlyForDeploymentPostprocessing = 0;
		};
/* End PBXSourcesBuildPhase section */

/* Begin PBXVariantGroup section */
		C2412FCA1F1EBB8F00036A35 /* LaunchScreen.storyboard */ = {
			isa = PBXVariantGroup;
			children = (
				C2412FCB1F1EBB8F00036A35 /* Base */,
			);
			name = LaunchScreen.storyboard;
			path = ..;
			sourceTree = "<group>";
		};
		C2412FCD1F1EC89F00036A35 /* Main.storyboard */ = {
			isa = PBXVariantGroup;
			children = (
				C2412FCE1F1EC89F00036A35 /* Base */,
			);
			name = Main.storyboard;
			path = ..;
			sourceTree = "<group>";
		};
/* End PBXVariantGroup section */

/* Begin XCBuildConfiguration section */
		959774611A5ED27500434355 /* Debug */ = {
			isa = XCBuildConfiguration;
			buildSettings = {
				ALWAYS_SEARCH_USER_PATHS = NO;
				CLANG_CXX_LANGUAGE_STANDARD = "gnu++14";
				CLANG_CXX_LIBRARY = "libc++";
				CLANG_ENABLE_MODULES = YES;
				CLANG_ENABLE_OBJC_ARC = YES;
				CLANG_WARN_BOOL_CONVERSION = YES;
				CLANG_WARN_CONSTANT_CONVERSION = YES;
				CLANG_WARN_DIRECT_OBJC_ISA_USAGE = YES_ERROR;
				CLANG_WARN_EMPTY_BODY = YES;
				CLANG_WARN_ENUM_CONVERSION = YES;
				CLANG_WARN_INT_CONVERSION = YES;
				CLANG_WARN_OBJC_ROOT_CLASS = YES_ERROR;
				CLANG_WARN_UNREACHABLE_CODE = YES;
				CLANG_WARN__DUPLICATE_METHOD_MATCH = YES;
				"CODE_SIGN_IDENTITY[sdk=iphoneos*]" = "iPhone Developer";
				COPY_PHASE_STRIP = NO;
				DEFINES_MODULE = YES;
				ENABLE_STRICT_OBJC_MSGSEND = YES;
				ENABLE_TESTABILITY = YES;
				GCC_C_LANGUAGE_STANDARD = gnu99;
				GCC_DYNAMIC_NO_PIC = NO;
				GCC_OPTIMIZATION_LEVEL = 0;
				GCC_PREPROCESSOR_DEFINITIONS = (
					"DEBUG=1",
					"$(inherited)",
				);
				GCC_SYMBOLS_PRIVATE_EXTERN = NO;
				GCC_WARN_64_TO_32_BIT_CONVERSION = YES;
				GCC_WARN_ABOUT_RETURN_TYPE = YES_ERROR;
				GCC_WARN_UNDECLARED_SELECTOR = YES;
				GCC_WARN_UNINITIALIZED_AUTOS = YES_AGGRESSIVE;
				GCC_WARN_UNUSED_FUNCTION = YES;
				GCC_WARN_UNUSED_VARIABLE = YES;
				IPHONEOS_DEPLOYMENT_TARGET = 8.1;
				MTL_ENABLE_DEBUG_INFO = YES;
				ONLY_ACTIVE_ARCH = YES;
				PRODUCT_NAME = Camera;
				SDKROOT = iphoneos;
				SWIFT_OPTIMIZATION_LEVEL = "-Onone";
			};
			name = Debug;
		};
		959774621A5ED27500434355 /* Release */ = {
			isa = XCBuildConfiguration;
			buildSettings = {
				ALWAYS_SEARCH_USER_PATHS = NO;
				CLANG_CXX_LANGUAGE_STANDARD = "gnu++14";
				CLANG_CXX_LIBRARY = "libc++";
				CLANG_ENABLE_MODULES = YES;
				CLANG_ENABLE_OBJC_ARC = YES;
				CLANG_WARN_BOOL_CONVERSION = YES;
				CLANG_WARN_CONSTANT_CONVERSION = YES;
				CLANG_WARN_DIRECT_OBJC_ISA_USAGE = YES_ERROR;
				CLANG_WARN_EMPTY_BODY = YES;
				CLANG_WARN_ENUM_CONVERSION = YES;
				CLANG_WARN_INT_CONVERSION = YES;
				CLANG_WARN_OBJC_ROOT_CLASS = YES_ERROR;
				CLANG_WARN_UNREACHABLE_CODE = YES;
				CLANG_WARN__DUPLICATE_METHOD_MATCH = YES;
				"CODE_SIGN_IDENTITY[sdk=iphoneos*]" = "iPhone Developer";
				COPY_PHASE_STRIP = YES;
				DEFINES_MODULE = YES;
				ENABLE_NS_ASSERTIONS = NO;
				ENABLE_STRICT_OBJC_MSGSEND = YES;
				GCC_C_LANGUAGE_STANDARD = gnu99;
				GCC_WARN_64_TO_32_BIT_CONVERSION = YES;
				GCC_WARN_ABOUT_RETURN_TYPE = YES_ERROR;
				GCC_WARN_UNDECLARED_SELECTOR = YES;
				GCC_WARN_UNINITIALIZED_AUTOS = YES_AGGRESSIVE;
				GCC_WARN_UNUSED_FUNCTION = YES;
				GCC_WARN_UNUSED_VARIABLE = YES;
				IPHONEOS_DEPLOYMENT_TARGET = 8.1;
				MTL_ENABLE_DEBUG_INFO = NO;
				PRODUCT_NAME = Camera;
				SDKROOT = iphoneos;
				VALIDATE_PRODUCT = YES;
			};
			name = Release;
		};
		959774641A5ED27500434355 /* Debug */ = {
			isa = XCBuildConfiguration;
			baseConfigurationReference = C21DBFE71E405DF300C5938B /* camera-ios-cv.xcconfig */;
			buildSettings = {
				ASSETCATALOG_COMPILER_APPICON_NAME = AppIcon;
				CLANG_ENABLE_MODULES = YES;
				CODE_SIGN_IDENTITY = "iPhone Developer";
				DEFINES_MODULE = YES;
				DEVELOPMENT_TEAM = 8LKZ5CAK57;
				ENABLE_BITCODE = NO;
				FRAMEWORK_SEARCH_PATHS = (
					"$(inherited)",
					"$(PROJECT_DIR)",
				);
				HEADER_SEARCH_PATHS = (
					.,
					"$(LOCAL_GLM)",
					"$(LOCAL_CINDER)/include",
					"$(LOCAL_BOOST)/include",
					"$(LOCAL_OPENCV)/include",
					"$(LOCAL_SVL)/include",
				);
				INFOPLIST_FILE = "$(PROJECT_DIR)/Info.plist";
				IPHONEOS_DEPLOYMENT_TARGET = 10.0;
				LD_RUNPATH_SEARCH_PATHS = "$(inherited) @executable_path/Frameworks";
				LIBRARY_SEARCH_PATHS = (
					"$(inherited)",
					"$(PROJECT_DIR)/blocks/OpenCV3/lib/ios",
					"$(PROJECT_DIR)",
				);
				OTHER_LDFLAGS = (
					"$(LOCAL_CINDER)/lib/ios/libboost_system.a",
					"$(LOCAL_CINDER)/lib/ios/libboost_filesystem.a",
				);
				PRODUCT_BUNDLE_IDENTIFIER = ucamera.bench;
				PRODUCT_NAME = "$(TARGET_NAME)";
				SWIFT_INCLUDE_PATHS = "";
				SWIFT_OBJC_BRIDGING_HEADER = "Camera-Bridging-Header.h";
				SWIFT_OPTIMIZATION_LEVEL = "-Onone";
				SWIFT_VERSION = 3.0;
			};
			name = Debug;
		};
		959774651A5ED27500434355 /* Release */ = {
			isa = XCBuildConfiguration;
			baseConfigurationReference = C21DBFE71E405DF300C5938B /* camera-ios-cv.xcconfig */;
			buildSettings = {
				ASSETCATALOG_COMPILER_APPICON_NAME = AppIcon;
				CLANG_ENABLE_MODULES = YES;
				CODE_SIGN_IDENTITY = "iPhone Developer";
				DEFINES_MODULE = YES;
				DEVELOPMENT_TEAM = 8LKZ5CAK57;
				ENABLE_BITCODE = NO;
				FRAMEWORK_SEARCH_PATHS = (
					"$(inherited)",
					"$(PROJECT_DIR)",
				);
				HEADER_SEARCH_PATHS = (
					.,
					"$(LOCAL_GLM)",
					"$(LOCAL_CINDER)/include",
					"$(LOCAL_BOOST)/include",
					"$(LOCAL_OPENCV)/include",
					"$(LOCAL_SVL)/include",
				);
				INFOPLIST_FILE = "$(PROJECT_DIR)/Info.plist";
				IPHONEOS_DEPLOYMENT_TARGET = 10.0;
				LD_RUNPATH_SEARCH_PATHS = "$(inherited) @executable_path/Frameworks";
				LIBRARY_SEARCH_PATHS = (
					"$(inherited)",
					"$(PROJECT_DIR)/blocks/OpenCV3/lib/ios",
					"$(PROJECT_DIR)",
				);
				OTHER_LDFLAGS = (
					"$(LOCAL_CINDER)/lib/ios/libboost_system.a",
					"$(LOCAL_CINDER)/lib/ios/libboost_filesystem.a",
				);
				PRODUCT_BUNDLE_IDENTIFIER = ucamera.bench;
				PRODUCT_NAME = "$(TARGET_NAME)";
				SWIFT_INCLUDE_PATHS = "";
				SWIFT_OBJC_BRIDGING_HEADER = "Camera-Bridging-Header.h";
				SWIFT_OPTIMIZATION_LEVEL = "-Owholemodule";
				SWIFT_VERSION = 3.0;
			};
			name = Release;
		};
/* End XCBuildConfiguration section */

/* Begin XCConfigurationList section */
		9597743F1A5ED27500434355 /* Build configuration list for PBXProject "UCamera" */ = {
			isa = XCConfigurationList;
			buildConfigurations = (
				959774611A5ED27500434355 /* Debug */,
				959774621A5ED27500434355 /* Release */,
			);
			defaultConfigurationIsVisible = 0;
			defaultConfigurationName = Release;
		};
		959774631A5ED27500434355 /* Build configuration list for PBXNativeTarget "UCamera" */ = {
			isa = XCConfigurationList;
			buildConfigurations = (
				959774641A5ED27500434355 /* Debug */,
				959774651A5ED27500434355 /* Release */,
			);
			defaultConfigurationIsVisible = 0;
			defaultConfigurationName = Release;
		};
/* End XCConfigurationList section */
	};
	rootObject = 9597743C1A5ED27500434355 /* Project object */;
}
